
Microsoft Visual Studio Solution File, Format Version 11.00
# Visual Studio 2010
Project("{FAE04EC0-301F-11D3-BF4B-00C04F79EFBC}") = "TimeZoneConvert", "TimeZoneConvert\TimeZoneConvert.csproj", "{430C6DDF-A9B1-4D5D-8277-E4037B0B00A5}"
EndProject
Global
	GlobalSection(SolutionConfigurationPlatforms) = preSolution
		Debug|iPhoneSimulator = Debug|iPhoneSimulator
		Release|iPhoneSimulator = Release|iPhoneSimulator
		Debug|iPhone = Debug|iPhone
		Release|iPhone = Release|iPhone
	EndGlobalSection
	GlobalSection(ProjectConfigurationPlatforms) = postSolution
		{430C6DDF-A9B1-4D5D-8277-E4037B0B00A5}.Debug|iPhone.ActiveCfg = Debug|iPhone
		{430C6DDF-A9B1-4D5D-8277-E4037B0B00A5}.Debug|iPhone.Build.0 = Debug|iPhone
		{430C6DDF-A9B1-4D5D-8277-E4037B0B00A5}.Debug|iPhoneSimulator.ActiveCfg = Debug|iPhoneSimulator
		{430C6DDF-A9B1-4D5D-8277-E4037B0B00A5}.Debug|iPhoneSimulator.Build.0 = Debug|iPhoneSimulator
		{430C6DDF-A9B1-4D5D-8277-E4037B0B00A5}.Release|iPhone.ActiveCfg = Release|iPhone
		{430C6DDF-A9B1-4D5D-8277-E4037B0B00A5}.Release|iPhone.Build.0 = Release|iPhone
		{430C6DDF-A9B1-4D5D-8277-E4037B0B00A5}.Release|iPhoneSimulator.ActiveCfg = Release|iPhoneSimulator
		{430C6DDF-A9B1-4D5D-8277-E4037B0B00A5}.Release|iPhoneSimulator.Build.0 = Release|iPhoneSimulator
	EndGlobalSection
	GlobalSection(MonoDevelopProperties) = preSolution
		StartupItem = TimeZoneConvert\TimeZoneConvert.csproj
	EndGlobalSection
EndGlobal
